{"is_source_file": true, "file_id": 12, "git_revision": "0d2cfbcd52f5759a907acab77505b6952510b8ed", "state": 1, "description": "", "external_files": [], "external_methods": [], "published": [], "classes": [], "methods": [], "calls": [], "search-terms": [], "hash": "e9b4c3b42cef0193b7fddb548d37e652", "format-version": 4, "code-base-name": "default", "filename": "login_backend_service_container/post_process_status.lock", "knowledge_revision": 24}